
Microsoft Visual Studio Solution File, Format Version 12.00
# Visual Studio 15
VisualStudioVersion = 15.0.27428.2005
MinimumVisualStudioVersion = 10.0.40219.1
Project("{FAE04EC0-301F-11D3-BF4B-00C04F79EFBC}") = "DatabaseToCSV", "GeraCSV\DatabaseToCSV.csproj", "{8DCFFF26-30F3-44D8-BE03-F3A54EAC023D}"
EndProject
Global
	GlobalSection(SolutionConfigurationPlatforms) = preSolution
		Debug com parâmetros|Any CPU = Debug com parâmetros|Any CPU
		Debug|Any CPU = Debug|Any CPU
		Release|Any CPU = Release|Any CPU
	EndGlobalSection
	GlobalSection(ProjectConfigurationPlatforms) = postSolution
		{8DCFFF26-30F3-44D8-BE03-F3A54EAC023D}.Debug com parâmetros|Any CPU.ActiveCfg = Debug com parâmetros|Any CPU
		{8DCFFF26-30F3-44D8-BE03-F3A54EAC023D}.Debug com parâmetros|Any CPU.Build.0 = Debug com parâmetros|Any CPU
		{8DCFFF26-30F3-44D8-BE03-F3A54EAC023D}.Debug|Any CPU.ActiveCfg = Debug|Any CPU
		{8DCFFF26-30F3-44D8-BE03-F3A54EAC023D}.Debug|Any CPU.Build.0 = Debug|Any CPU
		{8DCFFF26-30F3-44D8-BE03-F3A54EAC023D}.Release|Any CPU.ActiveCfg = Release|Any CPU
		{8DCFFF26-30F3-44D8-BE03-F3A54EAC023D}.Release|Any CPU.Build.0 = Release|Any CPU
	EndGlobalSection
	GlobalSection(SolutionProperties) = preSolution
		HideSolutionNode = FALSE
	EndGlobalSection
	GlobalSection(ExtensibilityGlobals) = postSolution
		SolutionGuid = {97F5DF67-1DD2-4467-B63B-B9902DB64C20}
	EndGlobalSection
EndGlobal
